
Microsoft Visual Studio Solution File, Format Version 12.00
# Visual Studio Version 17
VisualStudioVersion = 17.11.35222.181
MinimumVisualStudioVersion = 10.0.40219.1
Project("{FAE04EC0-301F-11D3-BF4B-00C04F79EFBC}") = "calculadora", "calculadora\calculadora.csproj", "{BD24E8E6-E174-42A3-A701-F042B17DC71D}"
EndProject
Global
	GlobalSection(SolutionConfigurationPlatforms) = preSolution
		Debug|Any CPU = Debug|Any CPU
		Release|Any CPU = Release|Any CPU
	EndGlobalSection
	GlobalSection(ProjectConfigurationPlatforms) = postSolution
		{BD24E8E6-E174-42A3-A701-F042B17DC71D}.Debug|Any CPU.ActiveCfg = Debug|Any CPU
		{BD24E8E6-E174-42A3-A701-F042B17DC71D}.Debug|Any CPU.Build.0 = Debug|Any CPU
		{BD24E8E6-E174-42A3-A701-F042B17DC71D}.Release|Any CPU.ActiveCfg = Release|Any CPU
		{BD24E8E6-E174-42A3-A701-F042B17DC71D}.Release|Any CPU.Build.0 = Release|Any CPU
	EndGlobalSection
	GlobalSection(SolutionProperties) = preSolution
		HideSolutionNode = FALSE
	EndGlobalSection
	GlobalSection(ExtensibilityGlobals) = postSolution
		SolutionGuid = {C1831F5A-B7A0-4894-9629-4E47F5D823C5}
	EndGlobalSection
EndGlobal
